
Microsoft Visual Studio Solution File, Format Version 12.00
# Visual Studio Version 16
VisualStudioVersion = 16.0.31424.327
MinimumVisualStudioVersion = 10.0.40219.1
Project("{FAE04EC0-301F-11D3-BF4B-00C04F79EFBC}") = "ShopNet", "ShopNet.csproj", "{02862879-8C76-466E-8802-4EFA1B102D9A}"
EndProject
Global
	GlobalSection(SolutionConfigurationPlatforms) = preSolution
		Debug|Any CPU = Debug|Any CPU
		Release|Any CPU = Release|Any CPU
	EndGlobalSection
	GlobalSection(ProjectConfigurationPlatforms) = postSolution
		{02862879-8C76-466E-8802-4EFA1B102D9A}.Debug|Any CPU.ActiveCfg = Debug|Any CPU
		{02862879-8C76-466E-8802-4EFA1B102D9A}.Debug|Any CPU.Build.0 = Debug|Any CPU
		{02862879-8C76-466E-8802-4EFA1B102D9A}.Release|Any CPU.ActiveCfg = Release|Any CPU
		{02862879-8C76-466E-8802-4EFA1B102D9A}.Release|Any CPU.Build.0 = Release|Any CPU
	EndGlobalSection
	GlobalSection(SolutionProperties) = preSolution
		HideSolutionNode = FALSE
	EndGlobalSection
	GlobalSection(ExtensibilityGlobals) = postSolution
		SolutionGuid = {EE5A2656-70A7-481A-9FD5-DB0170D573C4}
	EndGlobalSection
EndGlobal
